// !$*UTF8*$!
{
	archiveVersion = 1;
	classes = {
	};
	objectVersion = 46;
	objects = {

/* Begin PBXBuildFile section */
		E08ACBD518FC548A00FC21E1 /* Foundation.framework in Frameworks */ = {isa = PBXBuildFile; fileRef = E08ACBD418FC548A00FC21E1 /* Foundation.framework */; };
		E08ACBD718FC548A00FC21E1 /* CoreGraphics.framework in Frameworks */ = {isa = PBXBuildFile; fileRef = E08ACBD618FC548A00FC21E1 /* CoreGraphics.framework */; };
		E08ACBD918FC548A00FC21E1 /* UIKit.framework in Frameworks */ = {isa = PBXBuildFile; fileRef = E08ACBD818FC548A00FC21E1 /* UIKit.framework */; };
		E08ACBDF18FC548E00FC21E1 /* InfoPlist.strings in Resources */ = {isa = PBXBuildFile; fileRef = E08ACBDD18FC548E00FC21E1 /* InfoPlist.strings */; };
		E08ACBE118FC549100FC21E1 /* main.m in Sources */ = {isa = PBXBuildFile; fileRef = E08ACBE018FC549100FC21E1 /* main.m */; };
		E08ACBE518FC549600FC21E1 /* AppDelegate.m in Sources */ = {isa = PBXBuildFile; fileRef = E08ACBE418FC549600FC21E1 /* AppDelegate.m */; };
		E08ACBE718FC549B00FC21E1 /* Images.xcassets in Resources */ = {isa = PBXBuildFile; fileRef = E08ACBE618FC549B00FC21E1 /* Images.xcassets */; };
		E08ACBEE18FC549C00FC21E1 /* XCTest.framework in Frameworks */ = {isa = PBXBuildFile; fileRef = E08ACBED18FC549C00FC21E1 /* XCTest.framework */; };
		E08ACBEF18FC549C00FC21E1 /* Foundation.framework in Frameworks */ = {isa = PBXBuildFile; fileRef = E08ACBD418FC548A00FC21E1 /* Foundation.framework */; };
		E08ACBF018FC549C00FC21E1 /* UIKit.framework in Frameworks */ = {isa = PBXBuildFile; fileRef = E08ACBD818FC548A00FC21E1 /* UIKit.framework */; };
		E08ACBF818FC549F00FC21E1 /* InfoPlist.strings in Resources */ = {isa = PBXBuildFile; fileRef = E08ACBF618FC549F00FC21E1 /* InfoPlist.strings */; };
		E08ACBFA18FC54A000FC21E1 /* Assignment5Tests.m in Sources */ = {isa = PBXBuildFile; fileRef = E08ACBF918FC54A000FC21E1 /* Assignment5Tests.m */; };
/* End PBXBuildFile section */

/* Begin PBXContainerItemProxy section */
		E08ACBF118FC549C00FC21E1 /* PBXContainerItemProxy */ = {
			isa = PBXContainerItemProxy;
			containerPortal = E08ACBC918FC548900FC21E1 /* Project object */;
			proxyType = 1;
			remoteGlobalIDString = E08ACBD018FC548A00FC21E1;
			remoteInfo = Assignment5;
		};
/* End PBXContainerItemProxy section */

/* Begin PBXFileReference section */
		E08ACBD118FC548A00FC21E1 /* Assignment5.app */ = {isa = PBXFileReference; explicitFileType = wrapper.application; includeInIndex = 0; path = Assignment5.app; sourceTree = BUILT_PRODUCTS_DIR; };
		E08ACBD418FC548A00FC21E1 /* Foundation.framework */ = {isa = PBXFileReference; lastKnownFileType = wrapper.framework; name = Foundation.framework; path = System/Library/Frameworks/Foundation.framework; sourceTree = SDKROOT; };
		E08ACBD618FC548A00FC21E1 /* CoreGraphics.framework */ = {isa = PBXFileReference; lastKnownFileType = wrapper.framework; name = CoreGraphics.framework; path = System/Library/Frameworks/CoreGraphics.framework; sourceTree = SDKROOT; };
		E08ACBD818FC548A00FC21E1 /* UIKit.framework */ = {isa = PBXFileReference; lastKnownFileType = wrapper.framework; name = UIKit.framework; path = System/Library/Frameworks/UIKit.framework; sourceTree = SDKROOT; };
		E08ACBDC18FC548C00FC21E1 /* Assignment5-Info.plist */ = {isa = PBXFileReference; lastKnownFileType = text.plist.xml; path = "Assignment5-Info.plist"; sourceTree = "<group>"; };
		E08ACBDE18FC548E00FC21E1 /* en */ = {isa = PBXFileReference; lastKnownFileType = text.plist.strings; name = en; path = en.lproj/InfoPlist.strings; sourceTree = "<group>"; };
		E08ACBE018FC549100FC21E1 /* main.m */ = {isa = PBXFileReference; lastKnownFileType = sourcecode.c.objc; path = main.m; sourceTree = "<group>"; };
		E08ACBE218FC549200FC21E1 /* Assignment5-Prefix.pch */ = {isa = PBXFileReference; lastKnownFileType = sourcecode.c.h; path = "Assignment5-Prefix.pch"; sourceTree = "<group>"; };
		E08ACBE318FC549600FC21E1 /* AppDelegate.h */ = {isa = PBXFileReference; lastKnownFileType = sourcecode.c.h; path = AppDelegate.h; sourceTree = "<group>"; };
		E08ACBE418FC549600FC21E1 /* AppDelegate.m */ = {isa = PBXFileReference; lastKnownFileType = sourcecode.c.objc; path = AppDelegate.m; sourceTree = "<group>"; };
		E08ACBE618FC549B00FC21E1 /* Images.xcassets */ = {isa = PBXFileReference; lastKnownFileType = folder.assetcatalog; path = Images.xcassets; sourceTree = "<group>"; };
		E08ACBEC18FC549C00FC21E1 /* Assignment5Tests.xctest */ = {isa = PBXFileReference; explicitFileType = wrapper.cfbundle; includeInIndex = 0; path = Assignment5Tests.xctest; sourceTree = BUILT_PRODUCTS_DIR; };
		E08ACBED18FC549C00FC21E1 /* XCTest.framework */ = {isa = PBXFileReference; lastKnownFileType = wrapper.framework; name = XCTest.framework; path = Library/Frameworks/XCTest.framework; sourceTree = DEVELOPER_DIR; };
		E08ACBF518FC549E00FC21E1 /* Assignment5Tests-Info.plist */ = {isa = PBXFileReference; lastKnownFileType = text.plist.xml; path = "Assignment5Tests-Info.plist"; sourceTree = "<group>"; };
		E08ACBF718FC549F00FC21E1 /* en */ = {isa = PBXFileReference; lastKnownFileType = text.plist.strings; name = en; path = en.lproj/InfoPlist.strings; sourceTree = "<group>"; };
		E08ACBF918FC54A000FC21E1 /* Assignment5Tests.m */ = {isa = PBXFileReference; lastKnownFileType = sourcecode.c.objc; path = Assignment5Tests.m; sourceTree = "<group>"; };
/* End PBXFileReference section */

/* Begin PBXFrameworksBuildPhase section */
		E08ACBCE18FC548A00FC21E1 /* Frameworks */ = {
			isa = PBXFrameworksBuildPhase;
			buildActionMask = 2147483647;
			files = (
				E08ACBD718FC548A00FC21E1 /* CoreGraphics.framework in Frameworks */,
				E08ACBD918FC548A00FC21E1 /* UIKit.framework in Frameworks */,
				E08ACBD518FC548A00FC21E1 /* Foundation.framework in Frameworks */,
			);
			runOnlyForDeploymentPostprocessing = 0;
		};
		E08ACBE918FC549B00FC21E1 /* Frameworks */ = {
			isa = PBXFrameworksBuildPhase;
			buildActionMask = 2147483647;
			files = (
				E08ACBEE18FC549C00FC21E1 /* XCTest.framework in Frameworks */,
				E08ACBF018FC549C00FC21E1 /* UIKit.framework in Frameworks */,
				E08ACBEF18FC549C00FC21E1 /* Foundation.framework in Frameworks */,
			);
			runOnlyForDeploymentPostprocessing = 0;
		};
/* End PBXFrameworksBuildPhase section */

/* Begin PBXGroup section */
		E08ACBC818FC548900FC21E1 = {
			isa = PBXGroup;
			children = (
				E08ACBDA18FC548A00FC21E1 /* Assignment5 */,
				E08ACBF318FC549C00FC21E1 /* Assignment5Tests */,
				E08ACBD318FC548A00FC21E1 /* Frameworks */,
				E08ACBD218FC548A00FC21E1 /* Products */,
			);
			sourceTree = "<group>";
		};
		E08ACBD218FC548A00FC21E1 /* Products */ = {
			isa = PBXGroup;
			children = (
				E08ACBD118FC548A00FC21E1 /* Assignment5.app */,
				E08ACBEC18FC549C00FC21E1 /* Assignment5Tests.xctest */,
			);
			name = Products;
			sourceTree = "<group>";
		};
		E08ACBD318FC548A00FC21E1 /* Frameworks */ = {
			isa = PBXGroup;
			children = (
				E08ACBD418FC548A00FC21E1 /* Foundation.framework */,
				E08ACBD618FC548A00FC21E1 /* CoreGraphics.framework */,
				E08ACBD818FC548A00FC21E1 /* UIKit.framework */,
				E08ACBED18FC549C00FC21E1 /* XCTest.framework */,
			);
			name = Frameworks;
			sourceTree = "<group>";
		};
		E08ACBDA18FC548A00FC21E1 /* Assignment5 */ = {
			isa = PBXGroup;
			children = (
				E08ACBE318FC549600FC21E1 /* AppDelegate.h */,
				E08ACBE418FC549600FC21E1 /* AppDelegate.m */,
				E08ACBE618FC549B00FC21E1 /* Images.xcassets */,
				E08ACBDB18FC548C00FC21E1 /* Supporting Files */,
			);
			path = Assignment5;
			sourceTree = "<group>";
		};
		E08ACBDB18FC548C00FC21E1 /* Supporting Files */ = {
			isa = PBXGroup;
			children = (
				E08ACBDC18FC548C00FC21E1 /* Assignment5-Info.plist */,
				E08ACBDD18FC548E00FC21E1 /* InfoPlist.strings */,
				E08ACBE018FC549100FC21E1 /* main.m */,
				E08ACBE218FC549200FC21E1 /* Assignment5-Prefix.pch */,
			);
			name = "Supporting Files";
			sourceTree = "<group>";
		};
		E08ACBF318FC549C00FC21E1 /* Assignment5Tests */ = {
			isa = PBXGroup;
			children = (
				E08ACBF918FC54A000FC21E1 /* Assignment5Tests.m */,
				E08ACBF418FC549E00FC21E1 /* Supporting Files */,
			);
			path = Assignment5Tests;
			sourceTree = "<group>";
		};
		E08ACBF418FC549E00FC21E1 /* Supporting Files */ = {
			isa = PBXGroup;
			children = (
				E08ACBF518FC549E00FC21E1 /* Assignment5Tests-Info.plist */,
				E08ACBF618FC549F00FC21E1 /* InfoPlist.strings */,
			);
			name = "Supporting Files";
			sourceTree = "<group>";
		};
/* End PBXGroup section */

/* Begin PBXNativeTarget section */
		E08ACBD018FC548A00FC21E1 /* Assignment5 */ = {
			isa = PBXNativeTarget;
			buildConfigurationList = E08ACBFD18FC54A000FC21E1 /* Build configuration list for PBXNativeTarget "Assignment5" */;
			buildPhases = (
				E08ACBCD18FC548A00FC21E1 /* Sources */,
				E08ACBCE18FC548A00FC21E1 /* Frameworks */,
				E08ACBCF18FC548A00FC21E1 /* Resources */,
			);
			buildRules = (
			);
			dependencies = (
			);
			name = Assignment5;
			productName = Assignment5;
			productReference = E08ACBD118FC548A00FC21E1 /* Assignment5.app */;
			productType = "com.apple.product-type.application";
		};
		E08ACBEB18FC549B00FC21E1 /* Assignment5Tests */ = {
			isa = PBXNativeTarget;
			buildConfigurationList = E08ACC0018FC54A000FC21E1 /* Build configuration list for PBXNativeTarget "Assignment5Tests" */;
			buildPhases = (
				E08ACBE818FC549B00FC21E1 /* Sources */,
				E08ACBE918FC549B00FC21E1 /* Frameworks */,
				E08ACBEA18FC549B00FC21E1 /* Resources */,
			);
			buildRules = (
			);
			dependencies = (
				E08ACBF218FC549C00FC21E1 /* PBXTargetDependency */,
			);
			name = Assignment5Tests;
			productName = Assignment5Tests;
			productReference = E08ACBEC18FC549C00FC21E1 /* Assignment5Tests.xctest */;
			productType = "com.apple.product-type.bundle.unit-test";
		};
/* End PBXNativeTarget section */

/* Begin PBXProject section */
		E08ACBC918FC548900FC21E1 /* Project object */ = {
			isa = PBXProject;
			attributes = {
				LastUpgradeCheck = 0500;
				ORGANIZATIONNAME = "Sinemus, Hannah L";
				TargetAttributes = {
					E08ACBEB18FC549B00FC21E1 = {
						TestTargetID = E08ACBD018FC548A00FC21E1;
					};
				};
			};
			buildConfigurationList = E08ACBCC18FC548900FC21E1 /* Build configuration list for PBXProject "Assignment5" */;
			compatibilityVersion = "Xcode 3.2";
			developmentRegion = English;
			hasScannedForEncodings = 0;
			knownRegions = (
				en,
			);
			mainGroup = E08ACBC818FC548900FC21E1;
			productRefGroup = E08ACBD218FC548A00FC21E1 /* Products */;
			projectDirPath = "";
			projectRoot = "";
			targets = (
				E08ACBD018FC548A00FC21E1 /* Assignment5 */,
				E08ACBEB18FC549B00FC21E1 /* Assignment5Tests */,
			);
		};
/* End PBXProject section */

/* Begin PBXResourcesBuildPhase section */
		E08ACBCF18FC548A00FC21E1 /* Resources */ = {
			isa = PBXResourcesBuildPhase;
			buildActionMask = 2147483647;
			files = (
				E08ACBDF18FC548E00FC21E1 /* InfoPlist.strings in Resources */,
				E08ACBE718FC549B00FC21E1 /* Images.xcassets in Resources */,
			);
			runOnlyForDeploymentPostprocessing = 0;
		};
		E08ACBEA18FC549B00FC21E1 /* Resources */ = {
			isa = PBXResourcesBuildPhase;
			buildActionMask = 2147483647;
			files = (
				E08ACBF818FC549F00FC21E1 /* InfoPlist.strings in Resources */,
			);
			runOnlyForDeploymentPostprocessing = 0;
		};
/* End PBXResourcesBuildPhase section */

/* Begin PBXSourcesBuildPhase section */
		E08ACBCD18FC548A00FC21E1 /* Sources */ = {
			isa = PBXSourcesBuildPhase;
			buildActionMask = 2147483647;
			files = (
				E08ACBE518FC549600FC21E1 /* AppDelegate.m in Sources */,
				E08ACBE118FC549100FC21E1 /* main.m in Sources */,
			);
			runOnlyForDeploymentPostprocessing = 0;
		};
		E08ACBE818FC549B00FC21E1 /* Sources */ = {
			isa = PBXSourcesBuildPhase;
			buildActionMask = 2147483647;
			files = (
				E08ACBFA18FC54A000FC21E1 /* Assignment5Tests.m in Sources */,
			);
			runOnlyForDeploymentPostprocessing = 0;
		};
/* End PBXSourcesBuildPhase section */

/* Begin PBXTargetDependency section */
		E08ACBF218FC549C00FC21E1 /* PBXTargetDependency */ = {
			isa = PBXTargetDependency;
			target = E08ACBD018FC548A00FC21E1 /* Assignment5 */;
			targetProxy = E08ACBF118FC549C00FC21E1 /* PBXContainerItemProxy */;
		};
/* End PBXTargetDependency section */

/* Begin PBXVariantGroup section */
		E08ACBDD18FC548E00FC21E1 /* InfoPlist.strings */ = {
			isa = PBXVariantGroup;
			children = (
				E08ACBDE18FC548E00FC21E1 /* en */,
			);
			name = InfoPlist.strings;
			sourceTree = "<group>";
		};
		E08ACBF618FC549F00FC21E1 /* InfoPlist.strings */ = {
			isa = PBXVariantGroup;
			children = (
				E08ACBF718FC549F00FC21E1 /* en */,
			);
			name = InfoPlist.strings;
			sourceTree = "<group>";
		};
/* End PBXVariantGroup section */

/* Begin XCBuildConfiguration section */
		E08ACBFB18FC54A000FC21E1 /* Debug */ = {
			isa = XCBuildConfiguration;
			buildSettings = {
				ALWAYS_SEARCH_USER_PATHS = NO;
				ARCHS = "$(ARCHS_STANDARD_INCLUDING_64_BIT)";
				CLANG_CXX_LANGUAGE_STANDARD = "gnu++0x";
				CLANG_CXX_LIBRARY = "libc++";
				CLANG_ENABLE_MODULES = YES;
				CLANG_ENABLE_OBJC_ARC = YES;
				CLANG_WARN_BOOL_CONVERSION = YES;
				CLANG_WARN_CONSTANT_CONVERSION = YES;
				CLANG_WARN_DIRECT_OBJC_ISA_USAGE = YES_ERROR;
				CLANG_WARN_EMPTY_BODY = YES;
				CLANG_WARN_ENUM_CONVERSION = YES;
				CLANG_WARN_INT_CONVERSION = YES;
				CLANG_WARN_OBJC_ROOT_CLASS = YES_ERROR;
				CLANG_WARN__DUPLICATE_METHOD_MATCH = YES;
				"CODE_SIGN_IDENTITY[sdk=iphoneos*]" = "iPhone Developer";
				COPY_PHASE_STRIP = NO;
				GCC_C_LANGUAGE_STANDARD = gnu99;
				GCC_DYNAMIC_NO_PIC = NO;
				GCC_OPTIMIZATION_LEVEL = 0;
				GCC_PREPROCESSOR_DEFINITIONS = (
					"DEBUG=1",
					"$(inherited)",
				);
				GCC_SYMBOLS_PRIVATE_EXTERN = NO;
				GCC_WARN_64_TO_32_BIT_CONVERSION = YES;
				GCC_WARN_ABOUT_RETURN_TYPE = YES_ERROR;
				GCC_WARN_UNDECLARED_SELECTOR = YES;
				GCC_WARN_UNINITIALIZED_AUTOS = YES;
				GCC_WARN_UNUSED_FUNCTION = YES;
				GCC_WARN_UNUSED_VARIABLE = YES;
				IPHONEOS_DEPLOYMENT_TARGET = 7.0;
				ONLY_ACTIVE_ARCH = YES;
				SDKROOT = iphoneos;
				TARGETED_DEVICE_FAMILY = "1,2";
			};
			name = Debug;
		};
		E08ACBFC18FC54A000FC21E1 /* Release */ = {
			isa = XCBuildConfiguration;
			buildSettings = {
				ALWAYS_SEARCH_USER_PATHS = NO;
				ARCHS = "$(ARCHS_STANDARD_INCLUDING_64_BIT)";
				CLANG_CXX_LANGUAGE_STANDARD = "gnu++0x";
				CLANG_CXX_LIBRARY = "libc++";
				CLANG_ENABLE_MODULES = YES;
				CLANG_ENABLE_OBJC_ARC = YES;
				CLANG_WARN_BOOL_CONVERSION = YES;
				CLANG_WARN_CONSTANT_CONVERSION = YES;
				CLANG_WARN_DIRECT_OBJC_ISA_USAGE = YES_ERROR;
				CLANG_WARN_EMPTY_BODY = YES;
				CLANG_WARN_ENUM_CONVERSION = YES;
				CLANG_WARN_INT_CONVERSION = YES;
				CLANG_WARN_OBJC_ROOT_CLASS = YES_ERROR;
				CLANG_WARN__DUPLICATE_METHOD_MATCH = YES;
				"CODE_SIGN_IDENTITY[sdk=iphoneos*]" = "iPhone Developer";
				COPY_PHASE_STRIP = YES;
				ENABLE_NS_ASSERTIONS = NO;
				GCC_C_LANGUAGE_STANDARD = gnu99;
				GCC_WARN_64_TO_32_BIT_CONVERSION = YES;
				GCC_WARN_ABOUT_RETURN_TYPE = YES_ERROR;
				GCC_WARN_UNDECLARED_SELECTOR = YES;
				GCC_WARN_UNINITIALIZED_AUTOS = YES;
				GCC_WARN_UNUSED_FUNCTION = YES;
				GCC_WARN_UNUSED_VARIABLE = YES;
				IPHONEOS_DEPLOYMENT_TARGET = 7.0;
				SDKROOT = iphoneos;
				TARGETED_DEVICE_FAMILY = "1,2";
				VALIDATE_PRODUCT = YES;
			};
			name = Release;
		};
		E08ACBFE18FC54A000FC21E1 /* Debug */ = {
			isa = XCBuildConfiguration;
			buildSettings = {
				ASSETCATALOG_COMPILER_APPICON_NAME = AppIcon;
				ASSETCATALOG_COMPILER_LAUNCHIMAGE_NAME = LaunchImage;
				GCC_PRECOMPILE_PREFIX_HEADER = YES;
				GCC_PREFIX_HEADER = "Assignment5/Assignment5-Prefix.pch";
				INFOPLIST_FILE = "Assignment5/Assignment5-Info.plist";
				PRODUCT_NAME = "$(TARGET_NAME)";
				WRAPPER_EXTENSION = app;
			};
			name = Debug;
		};
		E08ACBFF18FC54A000FC21E1 /* Release */ = {
			isa = XCBuildConfiguration;
			buildSettings = {
				ASSETCATALOG_COMPILER_APPICON_NAME = AppIcon;
				ASSETCATALOG_COMPILER_LAUNCHIMAGE_NAME = LaunchImage;
				GCC_PRECOMPILE_PREFIX_HEADER = YES;
				GCC_PREFIX_HEADER = "Assignment5/Assignment5-Prefix.pch";
				INFOPLIST_FILE = "Assignment5/Assignment5-Info.plist";
				PRODUCT_NAME = "$(TARGET_NAME)";
				WRAPPER_EXTENSION = app;
			};
			name = Release;
		};
		E08ACC0118FC54A000FC21E1 /* Debug */ = {
			isa = XCBuildConfiguration;
			buildSettings = {
				ARCHS = "$(ARCHS_STANDARD_INCLUDING_64_BIT)";
				BUNDLE_LOADER = "$(BUILT_PRODUCTS_DIR)/Assignment5.app/Assignment5";
				FRAMEWORK_SEARCH_PATHS = (
					"$(SDKROOT)/Developer/Library/Frameworks",
					"$(inherited)",
					"$(DEVELOPER_FRAMEWORKS_DIR)",
				);
				GCC_PRECOMPILE_PREFIX_HEADER = YES;
				GCC_PREFIX_HEADER = "Assignment5/Assignment5-Prefix.pch";
				GCC_PREPROCESSOR_DEFINITIONS = (
					"DEBUG=1",
					"$(inherited)",
				);
				INFOPLIST_FILE = "Assignment5Tests/Assignment5Tests-Info.plist";
				PRODUCT_NAME = "$(TARGET_NAME)";
				TEST_HOST = "$(BUNDLE_LOADER)";
				WRAPPER_EXTENSION = xctest;
			};
			name = Debug;
		};
		E08ACC0218FC54A000FC21E1 /* Release */ = {
			isa = XCBuildConfiguration;
			buildSettings = {
				ARCHS = "$(ARCHS_STANDARD_INCLUDING_64_BIT)";
				BUNDLE_LOADER = "$(BUILT_PRODUCTS_DIR)/Assignment5.app/Assignment5";
				FRAMEWORK_SEARCH_PATHS = (
					"$(SDKROOT)/Developer/Library/Frameworks",
					"$(inherited)",
					"$(DEVELOPER_FRAMEWORKS_DIR)",
				);
				GCC_PRECOMPILE_PREFIX_HEADER = YES;
				GCC_PREFIX_HEADER = "Assignment5/Assignment5-Prefix.pch";
				INFOPLIST_FILE = "Assignment5Tests/Assignment5Tests-Info.plist";
				PRODUCT_NAME = "$(TARGET_NAME)";
				TEST_HOST = "$(BUNDLE_LOADER)";
				WRAPPER_EXTENSION = xctest;
			};
			name = Release;
		};
/* End XCBuildConfiguration section */

/* Begin XCConfigurationList section */
		E08ACBCC18FC548900FC21E1 /* Build configuration list for PBXProject "Assignment5" */ = {
			isa = XCConfigurationList;
			buildConfigurations = (
				E08ACBFB18FC54A000FC21E1 /* Debug */,
				E08ACBFC18FC54A000FC21E1 /* Release */,
			);
			defaultConfigurationIsVisible = 0;
			defaultConfigurationName = Release;
		};
		E08ACBFD18FC54A000FC21E1 /* Build configuration list for PBXNativeTarget "Assignment5" */ = {
			isa = XCConfigurationList;
			buildConfigurations = (
				E08ACBFE18FC54A000FC21E1 /* Debug */,
				E08ACBFF18FC54A000FC21E1 /* Release */,
			);
			defaultConfigurationIsVisible = 0;
		};
		E08ACC0018FC54A000FC21E1 /* Build configuration list for PBXNativeTarget "Assignment5Tests" */ = {
			isa = XCConfigurationList;
			buildConfigurations = (
				E08ACC0118FC54A000FC21E1 /* Debug */,
				E08ACC0218FC54A000FC21E1 /* Release */,
			);
			defaultConfigurationIsVisible = 0;
		};
/* End XCConfigurationList section */
	};
	rootObject = E08ACBC918FC548900FC21E1 /* Project object */;
}
